
Microsoft Visual Studio Solution File, Format Version 12.00
# Visual Studio 2013
VisualStudioVersion = 12.0.31101.0
MinimumVisualStudioVersion = 10.0.40219.1
Project("{FAE04EC0-301F-11D3-BF4B-00C04F79EFBC}") = "捲軸遊戲", "Example02\捲軸遊戲.csproj", "{EFE785D7-8415-403D-9F49-B864426F04B0}"
EndProject
Project("{FAE04EC0-301F-11D3-BF4B-00C04F79EFBC}") = "畫矩形", "Square\畫矩形.csproj", "{FD4018FE-5350-4486-B506-B4431DD44E2D}"
EndProject
Global
	GlobalSection(SolutionConfigurationPlatforms) = preSolution
		Debug|Any CPU = Debug|Any CPU
		Release|Any CPU = Release|Any CPU
	EndGlobalSection
	GlobalSection(ProjectConfigurationPlatforms) = postSolution
		{EFE785D7-8415-403D-9F49-B864426F04B0}.Debug|Any CPU.ActiveCfg = Debug|Any CPU
		{EFE785D7-8415-403D-9F49-B864426F04B0}.Debug|Any CPU.Build.0 = Debug|Any CPU
		{EFE785D7-8415-403D-9F49-B864426F04B0}.Release|Any CPU.ActiveCfg = Release|Any CPU
		{EFE785D7-8415-403D-9F49-B864426F04B0}.Release|Any CPU.Build.0 = Release|Any CPU
		{FD4018FE-5350-4486-B506-B4431DD44E2D}.Debug|Any CPU.ActiveCfg = Debug|Any CPU
		{FD4018FE-5350-4486-B506-B4431DD44E2D}.Debug|Any CPU.Build.0 = Debug|Any CPU
		{FD4018FE-5350-4486-B506-B4431DD44E2D}.Release|Any CPU.ActiveCfg = Release|Any CPU
		{FD4018FE-5350-4486-B506-B4431DD44E2D}.Release|Any CPU.Build.0 = Release|Any CPU
	EndGlobalSection
	GlobalSection(SolutionProperties) = preSolution
		HideSolutionNode = FALSE
	EndGlobalSection
EndGlobal
